
Microsoft Visual Studio Solution File, Format Version 12.00
# Visual Studio Version 16
VisualStudioVersion = 16.0.28803.452
MinimumVisualStudioVersion = 10.0.40219.1
Project("{FAE04EC0-301F-11D3-BF4B-00C04F79EFBC}") = "JiME", "JiME.csproj", "{0A6A397A-B72C-4A6E-8848-CA75144B0606}"
EndProject
Global
	GlobalSection(SolutionConfigurationPlatforms) = preSolution
		Debug|Any CPU = Debug|Any CPU
		Release|Any CPU = Release|Any CPU
	EndGlobalSection
	GlobalSection(ProjectConfigurationPlatforms) = postSolution
		{0A6A397A-B72C-4A6E-8848-CA75144B0606}.Debug|Any CPU.ActiveCfg = Debug|Any CPU
		{0A6A397A-B72C-4A6E-8848-CA75144B0606}.Debug|Any CPU.Build.0 = Debug|Any CPU
		{0A6A397A-B72C-4A6E-8848-CA75144B0606}.Release|Any CPU.ActiveCfg = Release|Any CPU
		{0A6A397A-B72C-4A6E-8848-CA75144B0606}.Release|Any CPU.Build.0 = Release|Any CPU
	EndGlobalSection
	GlobalSection(SolutionProperties) = preSolution
		HideSolutionNode = FALSE
	EndGlobalSection
	GlobalSection(ExtensibilityGlobals) = postSolution
		SolutionGuid = {54A666BF-1F36-4389-9646-B4D8721159F1}
	EndGlobalSection
EndGlobal
